// !$*UTF8*$!
{
	archiveVersion = 1;
	classes = {
	};
	objectVersion = 51;
	objects = {

/* Begin PBXBuildFile section */
		03DC0A7B8915146C9DE8B831 /* Pods_Instagram_InstagramUITests.framework in Frameworks */ = {isa = PBXBuildFile; fileRef = 9AC22867F79CF308356B3899 /* Pods_Instagram_InstagramUITests.framework */; };
		0FDCF0DB2F49C0C8E59B4ECC /* Pods_InstagramTests.framework in Frameworks */ = {isa = PBXBuildFile; fileRef = 1AD806D2BA63D50679DC13CF /* Pods_InstagramTests.framework */; };
		A57FB720BC86FA56EA27B055 /* Pods_Instagram.framework in Frameworks */ = {isa = PBXBuildFile; fileRef = 5FD892A304A06EED0457D735 /* Pods_Instagram.framework */; };
		C25BAC552607C8F300540CC7 /* AppDelegate.swift in Sources */ = {isa = PBXBuildFile; fileRef = C25BAC542607C8F300540CC7 /* AppDelegate.swift */; };
		C25BAC572607C8F300540CC7 /* SceneDelegate.swift in Sources */ = {isa = PBXBuildFile; fileRef = C25BAC562607C8F300540CC7 /* SceneDelegate.swift */; };
		C25BAC5C2607C8F300540CC7 /* Main.storyboard in Resources */ = {isa = PBXBuildFile; fileRef = C25BAC5A2607C8F300540CC7 /* Main.storyboard */; };
		C25BAC5E2607C8F400540CC7 /* Assets.xcassets in Resources */ = {isa = PBXBuildFile; fileRef = C25BAC5D2607C8F400540CC7 /* Assets.xcassets */; };
		C25BAC612607C8F400540CC7 /* LaunchScreen.storyboard in Resources */ = {isa = PBXBuildFile; fileRef = C25BAC5F2607C8F400540CC7 /* LaunchScreen.storyboard */; };
		C25BAC6C2607C8F400540CC7 /* InstagramTests.swift in Sources */ = {isa = PBXBuildFile; fileRef = C25BAC6B2607C8F400540CC7 /* InstagramTests.swift */; };
		C25BAC772607C8F400540CC7 /* InstagramUITests.swift in Sources */ = {isa = PBXBuildFile; fileRef = C25BAC762607C8F400540CC7 /* InstagramUITests.swift */; };
		C2A891DF2607CE240001EDDC /* LoginViewController.swift in Sources */ = {isa = PBXBuildFile; fileRef = C2A891DE2607CE240001EDDC /* LoginViewController.swift */; };
		C2A891E42607CE320001EDDC /* FeedViewController.swift in Sources */ = {isa = PBXBuildFile; fileRef = C2A891E32607CE320001EDDC /* FeedViewController.swift */; };
		C2A891E92607E2B50001EDDC /* CameraViewController.swift in Sources */ = {isa = PBXBuildFile; fileRef = C2A891E82607E2B50001EDDC /* CameraViewController.swift */; };
		C2A891F926083AFE0001EDDC /* PostCell.swift in Sources */ = {isa = PBXBuildFile; fileRef = C2A891F826083AFE0001EDDC /* PostCell.swift */; };
		C2CB5990260FEDE9004DD260 /* CommentCell.swift in Sources */ = {isa = PBXBuildFile; fileRef = C2CB598F260FEDE9004DD260 /* CommentCell.swift */; };
/* End PBXBuildFile section */

/* Begin PBXContainerItemProxy section */
		C25BAC682607C8F400540CC7 /* PBXContainerItemProxy */ = {
			isa = PBXContainerItemProxy;
			containerPortal = C25BAC492607C8F300540CC7 /* Project object */;
			proxyType = 1;
			remoteGlobalIDString = C25BAC502607C8F300540CC7;
			remoteInfo = Instagram;
		};
		C25BAC732607C8F400540CC7 /* PBXContainerItemProxy */ = {
			isa = PBXContainerItemProxy;
			containerPortal = C25BAC492607C8F300540CC7 /* Project object */;
			proxyType = 1;
			remoteGlobalIDString = C25BAC502607C8F300540CC7;
			remoteInfo = Instagram;
		};
/* End PBXContainerItemProxy section */

/* Begin PBXFileReference section */
		1AD806D2BA63D50679DC13CF /* Pods_InstagramTests.framework */ = {isa = PBXFileReference; explicitFileType = wrapper.framework; includeInIndex = 0; path = Pods_InstagramTests.framework; sourceTree = BUILT_PRODUCTS_DIR; };
		5FD892A304A06EED0457D735 /* Pods_Instagram.framework */ = {isa = PBXFileReference; explicitFileType = wrapper.framework; includeInIndex = 0; path = Pods_Instagram.framework; sourceTree = BUILT_PRODUCTS_DIR; };
		9AC22867F79CF308356B3899 /* Pods_Instagram_InstagramUITests.framework */ = {isa = PBXFileReference; explicitFileType = wrapper.framework; includeInIndex = 0; path = Pods_Instagram_InstagramUITests.framework; sourceTree = BUILT_PRODUCTS_DIR; };
		A87FC6254A65621A5CA11A72 /* Pods-InstagramTests.debug.xcconfig */ = {isa = PBXFileReference; includeInIndex = 1; lastKnownFileType = text.xcconfig; name = "Pods-InstagramTests.debug.xcconfig"; path = "Target Support Files/Pods-InstagramTests/Pods-InstagramTests.debug.xcconfig"; sourceTree = "<group>"; };
		AFB9C51272503209B8801560 /* Pods-Instagram.release.xcconfig */ = {isa = PBXFileReference; includeInIndex = 1; lastKnownFileType = text.xcconfig; name = "Pods-Instagram.release.xcconfig"; path = "Target Support Files/Pods-Instagram/Pods-Instagram.release.xcconfig"; sourceTree = "<group>"; };
		C02F0B855644D5EAB41953FA /* Pods-Instagram-InstagramUITests.release.xcconfig */ = {isa = PBXFileReference; includeInIndex = 1; lastKnownFileType = text.xcconfig; name = "Pods-Instagram-InstagramUITests.release.xcconfig"; path = "Target Support Files/Pods-Instagram-InstagramUITests/Pods-Instagram-InstagramUITests.release.xcconfig"; sourceTree = "<group>"; };
		C25BAC512607C8F300540CC7 /* Instagram.app */ = {isa = PBXFileReference; explicitFileType = wrapper.application; includeInIndex = 0; path = Instagram.app; sourceTree = BUILT_PRODUCTS_DIR; };
		C25BAC542607C8F300540CC7 /* AppDelegate.swift */ = {isa = PBXFileReference; lastKnownFileType = sourcecode.swift; path = AppDelegate.swift; sourceTree = "<group>"; };
		C25BAC562607C8F300540CC7 /* SceneDelegate.swift */ = {isa = PBXFileReference; lastKnownFileType = sourcecode.swift; path = SceneDelegate.swift; sourceTree = "<group>"; };
		C25BAC5B2607C8F300540CC7 /* Base */ = {isa = PBXFileReference; lastKnownFileType = file.storyboard; name = Base; path = Base.lproj/Main.storyboard; sourceTree = "<group>"; };
		C25BAC5D2607C8F400540CC7 /* Assets.xcassets */ = {isa = PBXFileReference; lastKnownFileType = folder.assetcatalog; path = Assets.xcassets; sourceTree = "<group>"; };
		C25BAC602607C8F400540CC7 /* Base */ = {isa = PBXFileReference; lastKnownFileType = file.storyboard; name = Base; path = Base.lproj/LaunchScreen.storyboard; sourceTree = "<group>"; };
		C25BAC622607C8F400540CC7 /* Info.plist */ = {isa = PBXFileReference; lastKnownFileType = text.plist.xml; path = Info.plist; sourceTree = "<group>"; };
		C25BAC672607C8F400540CC7 /* InstagramTests.xctest */ = {isa = PBXFileReference; explicitFileType = wrapper.cfbundle; includeInIndex = 0; path = InstagramTests.xctest; sourceTree = BUILT_PRODUCTS_DIR; };
		C25BAC6B2607C8F400540CC7 /* InstagramTests.swift */ = {isa = PBXFileReference; lastKnownFileType = sourcecode.swift; path = InstagramTests.swift; sourceTree = "<group>"; };
		C25BAC6D2607C8F400540CC7 /* Info.plist */ = {isa = PBXFileReference; lastKnownFileType = text.plist.xml; path = Info.plist; sourceTree = "<group>"; };
		C25BAC722607C8F400540CC7 /* InstagramUITests.xctest */ = {isa = PBXFileReference; explicitFileType = wrapper.cfbundle; includeInIndex = 0; path = InstagramUITests.xctest; sourceTree = BUILT_PRODUCTS_DIR; };
		C25BAC762607C8F400540CC7 /* InstagramUITests.swift */ = {isa = PBXFileReference; lastKnownFileType = sourcecode.swift; path = InstagramUITests.swift; sourceTree = "<group>"; };
		C25BAC782607C8F400540CC7 /* Info.plist */ = {isa = PBXFileReference; lastKnownFileType = text.plist.xml; path = Info.plist; sourceTree = "<group>"; };
		C2A891DE2607CE240001EDDC /* LoginViewController.swift */ = {isa = PBXFileReference; lastKnownFileType = sourcecode.swift; path = LoginViewController.swift; sourceTree = "<group>"; };
		C2A891E32607CE320001EDDC /* FeedViewController.swift */ = {isa = PBXFileReference; lastKnownFileType = sourcecode.swift; path = FeedViewController.swift; sourceTree = "<group>"; };
		C2A891E82607E2B50001EDDC /* CameraViewController.swift */ = {isa = PBXFileReference; lastKnownFileType = sourcecode.swift; path = CameraViewController.swift; sourceTree = "<group>"; };
		C2A891F826083AFE0001EDDC /* PostCell.swift */ = {isa = PBXFileReference; lastKnownFileType = sourcecode.swift; path = PostCell.swift; sourceTree = "<group>"; };
		C2CB598F260FEDE9004DD260 /* CommentCell.swift */ = {isa = PBXFileReference; lastKnownFileType = sourcecode.swift; path = CommentCell.swift; sourceTree = "<group>"; };
		D88CB3F30FF93D3283B02FEB /* Pods-Instagram.debug.xcconfig */ = {isa = PBXFileReference; includeInIndex = 1; lastKnownFileType = text.xcconfig; name = "Pods-Instagram.debug.xcconfig"; path = "Target Support Files/Pods-Instagram/Pods-Instagram.debug.xcconfig"; sourceTree = "<group>"; };
		E7ED3C9269AE95C159D2FAA9 /* Pods-InstagramTests.release.xcconfig */ = {isa = PBXFileReference; includeInIndex = 1; lastKnownFileType = text.xcconfig; name = "Pods-InstagramTests.release.xcconfig"; path = "Target Support Files/Pods-InstagramTests/Pods-InstagramTests.release.xcconfig"; sourceTree = "<group>"; };
		E815D47AE57CD3589F554F4C /* Pods-Instagram-InstagramUITests.debug.xcconfig */ = {isa = PBXFileReference; includeInIndex = 1; lastKnownFileType = text.xcconfig; name = "Pods-Instagram-InstagramUITests.debug.xcconfig"; path = "Target Support Files/Pods-Instagram-InstagramUITests/Pods-Instagram-InstagramUITests.debug.xcconfig"; sourceTree = "<group>"; };
/* End PBXFileReference section */

/* Begin PBXFrameworksBuildPhase section */
		C25BAC4E2607C8F300540CC7 /* Frameworks */ = {
			isa = PBXFrameworksBuildPhase;
			buildActionMask = 2147483647;
			files = (
				A57FB720BC86FA56EA27B055 /* Pods_Instagram.framework in Frameworks */,
			);
			runOnlyForDeploymentPostprocessing = 0;
		};
		C25BAC642607C8F400540CC7 /* Frameworks */ = {
			isa = PBXFrameworksBuildPhase;
			buildActionMask = 2147483647;
			files = (
				0FDCF0DB2F49C0C8E59B4ECC /* Pods_InstagramTests.framework in Frameworks */,
			);
			runOnlyForDeploymentPostprocessing = 0;
		};
		C25BAC6F2607C8F400540CC7 /* Frameworks */ = {
			isa = PBXFrameworksBuildPhase;
			buildActionMask = 2147483647;
			files = (
				03DC0A7B8915146C9DE8B831 /* Pods_Instagram_InstagramUITests.framework in Frameworks */,
			);
			runOnlyForDeploymentPostprocessing = 0;
		};
/* End PBXFrameworksBuildPhase section */

/* Begin PBXGroup section */
		0BD61D7BA018E6FD3B8F8124 /* Pods */ = {
			isa = PBXGroup;
			children = (
				D88CB3F30FF93D3283B02FEB /* Pods-Instagram.debug.xcconfig */,
				AFB9C51272503209B8801560 /* Pods-Instagram.release.xcconfig */,
				E815D47AE57CD3589F554F4C /* Pods-Instagram-InstagramUITests.debug.xcconfig */,
				C02F0B855644D5EAB41953FA /* Pods-Instagram-InstagramUITests.release.xcconfig */,
				A87FC6254A65621A5CA11A72 /* Pods-InstagramTests.debug.xcconfig */,
				E7ED3C9269AE95C159D2FAA9 /* Pods-InstagramTests.release.xcconfig */,
			);
			path = Pods;
			sourceTree = "<group>";
		};
		C25BAC482607C8F300540CC7 = {
			isa = PBXGroup;
			children = (
				C25BAC532607C8F300540CC7 /* Instagram */,
				C25BAC6A2607C8F400540CC7 /* InstagramTests */,
				C25BAC752607C8F400540CC7 /* InstagramUITests */,
				C25BAC522607C8F300540CC7 /* Products */,
				0BD61D7BA018E6FD3B8F8124 /* Pods */,
				F82978B0B1A588125689CCE9 /* Frameworks */,
			);
			sourceTree = "<group>";
		};
		C25BAC522607C8F300540CC7 /* Products */ = {
			isa = PBXGroup;
			children = (
				C25BAC512607C8F300540CC7 /* Instagram.app */,
				C25BAC672607C8F400540CC7 /* InstagramTests.xctest */,
				C25BAC722607C8F400540CC7 /* InstagramUITests.xctest */,
			);
			name = Products;
			sourceTree = "<group>";
		};
		C25BAC532607C8F300540CC7 /* Instagram */ = {
			isa = PBXGroup;
			children = (
				C25BAC542607C8F300540CC7 /* AppDelegate.swift */,
				C25BAC562607C8F300540CC7 /* SceneDelegate.swift */,
				C25BAC5A2607C8F300540CC7 /* Main.storyboard */,
				C25BAC5D2607C8F400540CC7 /* Assets.xcassets */,
				C25BAC5F2607C8F400540CC7 /* LaunchScreen.storyboard */,
				C25BAC622607C8F400540CC7 /* Info.plist */,
				C2A891DE2607CE240001EDDC /* LoginViewController.swift */,
				C2A891E32607CE320001EDDC /* FeedViewController.swift */,
				C2A891E82607E2B50001EDDC /* CameraViewController.swift */,
				C2A891F826083AFE0001EDDC /* PostCell.swift */,
				C2CB598F260FEDE9004DD260 /* CommentCell.swift */,
			);
			path = Instagram;
			sourceTree = "<group>";
		};
		C25BAC6A2607C8F400540CC7 /* InstagramTests */ = {
			isa = PBXGroup;
			children = (
				C25BAC6B2607C8F400540CC7 /* InstagramTests.swift */,
				C25BAC6D2607C8F400540CC7 /* Info.plist */,
			);
			path = InstagramTests;
			sourceTree = "<group>";
		};
		C25BAC752607C8F400540CC7 /* InstagramUITests */ = {
			isa = PBXGroup;
			children = (
				C25BAC762607C8F400540CC7 /* InstagramUITests.swift */,
				C25BAC782607C8F400540CC7 /* Info.plist */,
			);
			path = InstagramUITests;
			sourceTree = "<group>";
		};
		F82978B0B1A588125689CCE9 /* Frameworks */ = {
			isa = PBXGroup;
			children = (
				5FD892A304A06EED0457D735 /* Pods_Instagram.framework */,
				9AC22867F79CF308356B3899 /* Pods_Instagram_InstagramUITests.framework */,
				1AD806D2BA63D50679DC13CF /* Pods_InstagramTests.framework */,
			);
			name = Frameworks;
			sourceTree = "<group>";
		};
/* End PBXGroup section */

/* Begin PBXNativeTarget section */
		C25BAC502607C8F300540CC7 /* Instagram */ = {
			isa = PBXNativeTarget;
			buildConfigurationList = C25BAC7B2607C8F400540CC7 /* Build configuration list for PBXNativeTarget "Instagram" */;
			buildPhases = (
				5E0A280DEEBB658A62B95719 /* [CP] Check Pods Manifest.lock */,
				C25BAC4D2607C8F300540CC7 /* Sources */,
				C25BAC4E2607C8F300540CC7 /* Frameworks */,
				C25BAC4F2607C8F300540CC7 /* Resources */,
				A1D6585F5B856B626F6442BC /* [CP] Embed Pods Frameworks */,
			);
			buildRules = (
			);
			dependencies = (
			);
			name = Instagram;
			productName = Instagram;
			productReference = C25BAC512607C8F300540CC7 /* Instagram.app */;
			productType = "com.apple.product-type.application";
		};
		C25BAC662607C8F400540CC7 /* InstagramTests */ = {
			isa = PBXNativeTarget;
			buildConfigurationList = C25BAC7E2607C8F400540CC7 /* Build configuration list for PBXNativeTarget "InstagramTests" */;
			buildPhases = (
				A67EEAE38AFA2CBCBA549B00 /* [CP] Check Pods Manifest.lock */,
				C25BAC632607C8F400540CC7 /* Sources */,
				C25BAC642607C8F400540CC7 /* Frameworks */,
				C25BAC652607C8F400540CC7 /* Resources */,
			);
			buildRules = (
			);
			dependencies = (
				C25BAC692607C8F400540CC7 /* PBXTargetDependency */,
			);
			name = InstagramTests;
			productName = InstagramTests;
			productReference = C25BAC672607C8F400540CC7 /* InstagramTests.xctest */;
			productType = "com.apple.product-type.bundle.unit-test";
		};
		C25BAC712607C8F400540CC7 /* InstagramUITests */ = {
			isa = PBXNativeTarget;
			buildConfigurationList = C25BAC812607C8F400540CC7 /* Build configuration list for PBXNativeTarget "InstagramUITests" */;
			buildPhases = (
				C4F1A2BA5DC9F884154D2F4F /* [CP] Check Pods Manifest.lock */,
				C25BAC6E2607C8F400540CC7 /* Sources */,
				C25BAC6F2607C8F400540CC7 /* Frameworks */,
				C25BAC702607C8F400540CC7 /* Resources */,
				F9DFDC17F4FC781337179784 /* [CP] Embed Pods Frameworks */,
			);
			buildRules = (
			);
			dependencies = (
				C25BAC742607C8F400540CC7 /* PBXTargetDependency */,
			);
			name = InstagramUITests;
			productName = InstagramUITests;
			productReference = C25BAC722607C8F400540CC7 /* InstagramUITests.xctest */;
			productType = "com.apple.product-type.bundle.ui-testing";
		};
/* End PBXNativeTarget section */

/* Begin PBXProject section */
		C25BAC492607C8F300540CC7 /* Project object */ = {
			isa = PBXProject;
			attributes = {
				LastSwiftUpdateCheck = 1240;
				LastUpgradeCheck = 1240;
				TargetAttributes = {
					C25BAC502607C8F300540CC7 = {
						CreatedOnToolsVersion = 12.4;
					};
					C25BAC662607C8F400540CC7 = {
						CreatedOnToolsVersion = 12.4;
						TestTargetID = C25BAC502607C8F300540CC7;
					};
					C25BAC712607C8F400540CC7 = {
						CreatedOnToolsVersion = 12.4;
						TestTargetID = C25BAC502607C8F300540CC7;
					};
				};
			};
			buildConfigurationList = C25BAC4C2607C8F300540CC7 /* Build configuration list for PBXProject "Instagram" */;
			compatibilityVersion = "Xcode 9.3";
			developmentRegion = en;
			hasScannedForEncodings = 0;
			knownRegions = (
				en,
				Base,
			);
			mainGroup = C25BAC482607C8F300540CC7;
			productRefGroup = C25BAC522607C8F300540CC7 /* Products */;
			projectDirPath = "";
			projectRoot = "";
			targets = (
				C25BAC502607C8F300540CC7 /* Instagram */,
				C25BAC662607C8F400540CC7 /* InstagramTests */,
				C25BAC712607C8F400540CC7 /* InstagramUITests */,
			);
		};
/* End PBXProject section */

/* Begin PBXResourcesBuildPhase section */
		C25BAC4F2607C8F300540CC7 /* Resources */ = {
			isa = PBXResourcesBuildPhase;
			buildActionMask = 2147483647;
			files = (
				C25BAC612607C8F400540CC7 /* LaunchScreen.storyboard in Resources */,
				C25BAC5E2607C8F400540CC7 /* Assets.xcassets in Resources */,
				C25BAC5C2607C8F300540CC7 /* Main.storyboard in Resources */,
			);
			runOnlyForDeploymentPostprocessing = 0;
		};
		C25BAC652607C8F400540CC7 /* Resources */ = {
			isa = PBXResourcesBuildPhase;
			buildActionMask = 2147483647;
			files = (
			);
			runOnlyForDeploymentPostprocessing = 0;
		};
		C25BAC702607C8F400540CC7 /* Resources */ = {
			isa = PBXResourcesBuildPhase;
			buildActionMask = 2147483647;
			files = (
			);
			runOnlyForDeploymentPostprocessing = 0;
		};
/* End PBXResourcesBuildPhase section */

/* Begin PBXShellScriptBuildPhase section */
		5E0A280DEEBB658A62B95719 /* [CP] Check Pods Manifest.lock */ = {
			isa = PBXShellScriptBuildPhase;
			buildActionMask = 2147483647;
			files = (
			);
			inputFileListPaths = (
			);
			inputPaths = (
				"${PODS_PODFILE_DIR_PATH}/Podfile.lock",
				"${PODS_ROOT}/Manifest.lock",
			);
			name = "[CP] Check Pods Manifest.lock";
			outputFileListPaths = (
			);
			outputPaths = (
				"$(DERIVED_FILE_DIR)/Pods-Instagram-checkManifestLockResult.txt",
			);
			runOnlyForDeploymentPostprocessing = 0;
			shellPath = /bin/sh;
			shellScript = "diff \"${PODS_PODFILE_DIR_PATH}/Podfile.lock\" \"${PODS_ROOT}/Manifest.lock\" > /dev/null\nif [ $? != 0 ] ; then\n    # print error to STDERR\n    echo \"error: The sandbox is not in sync with the Podfile.lock. Run 'pod install' or update your CocoaPods installation.\" >&2\n    exit 1\nfi\n# This output is used by Xcode 'outputs' to avoid re-running this script phase.\necho \"SUCCESS\" > \"${SCRIPT_OUTPUT_FILE_0}\"\n";
			showEnvVarsInLog = 0;
		};
		A1D6585F5B856B626F6442BC /* [CP] Embed Pods Frameworks */ = {
			isa = PBXShellScriptBuildPhase;
			buildActionMask = 2147483647;
			files = (
			);
			inputFileListPaths = (
				"${PODS_ROOT}/Target Support Files/Pods-Instagram/Pods-Instagram-frameworks-${CONFIGURATION}-input-files.xcfilelist",
			);
			name = "[CP] Embed Pods Frameworks";
			outputFileListPaths = (
				"${PODS_ROOT}/Target Support Files/Pods-Instagram/Pods-Instagram-frameworks-${CONFIGURATION}-output-files.xcfilelist",
			);
			runOnlyForDeploymentPostprocessing = 0;
			shellPath = /bin/sh;
			shellScript = "\"${PODS_ROOT}/Target Support Files/Pods-Instagram/Pods-Instagram-frameworks.sh\"\n";
			showEnvVarsInLog = 0;
		};
		A67EEAE38AFA2CBCBA549B00 /* [CP] Check Pods Manifest.lock */ = {
			isa = PBXShellScriptBuildPhase;
			buildActionMask = 2147483647;
			files = (
			);
			inputFileListPaths = (
			);
			inputPaths = (
				"${PODS_PODFILE_DIR_PATH}/Podfile.lock",
				"${PODS_ROOT}/Manifest.lock",
			);
			name = "[CP] Check Pods Manifest.lock";
			outputFileListPaths = (
			);
			outputPaths = (
				"$(DERIVED_FILE_DIR)/Pods-InstagramTests-checkManifestLockResult.txt",
			);
			runOnlyForDeploymentPostprocessing = 0;
			shellPath = /bin/sh;
			shellScript = "diff \"${PODS_PODFILE_DIR_PATH}/Podfile.lock\" \"${PODS_ROOT}/Manifest.lock\" > /dev/null\nif [ $? != 0 ] ; then\n    # print error to STDERR\n    echo \"error: The sandbox is not in sync with the Podfile.lock. Run 'pod install' or update your CocoaPods installation.\" >&2\n    exit 1\nfi\n# This output is used by Xcode 'outputs' to avoid re-running this script phase.\necho \"SUCCESS\" > \"${SCRIPT_OUTPUT_FILE_0}\"\n";
			showEnvVarsInLog = 0;
		};
		C4F1A2BA5DC9F884154D2F4F /* [CP] Check Pods Manifest.lock */ = {
			isa = PBXShellScriptBuildPhase;
			buildActionMask = 2147483647;
			files = (
			);
			inputFileListPaths = (
			);
			inputPaths = (
				"${PODS_PODFILE_DIR_PATH}/Podfile.lock",
				"${PODS_ROOT}/Manifest.lock",
			);
			name = "[CP] Check Pods Manifest.lock";
			outputFileListPaths = (
			);
			outputPaths = (
				"$(DERIVED_FILE_DIR)/Pods-Instagram-InstagramUITests-checkManifestLockResult.txt",
			);
			runOnlyForDeploymentPostprocessing = 0;
			shellPath = /bin/sh;
			shellScript = "diff \"${PODS_PODFILE_DIR_PATH}/Podfile.lock\" \"${PODS_ROOT}/Manifest.lock\" > /dev/null\nif [ $? != 0 ] ; then\n    # print error to STDERR\n    echo \"error: The sandbox is not in sync with the Podfile.lock. Run 'pod install' or update your CocoaPods installation.\" >&2\n    exit 1\nfi\n# This output is used by Xcode 'outputs' to avoid re-running this script phase.\necho \"SUCCESS\" > \"${SCRIPT_OUTPUT_FILE_0}\"\n";
			showEnvVarsInLog = 0;
		};
		F9DFDC17F4FC781337179784 /* [CP] Embed Pods Frameworks */ = {
			isa = PBXShellScriptBuildPhase;
			buildActionMask = 2147483647;
			files = (
			);
			inputFileListPaths = (
				"${PODS_ROOT}/Target Support Files/Pods-Instagram-InstagramUITests/Pods-Instagram-InstagramUITests-frameworks-${CONFIGURATION}-input-files.xcfilelist",
			);
			name = "[CP] Embed Pods Frameworks";
			outputFileListPaths = (
				"${PODS_ROOT}/Target Support Files/Pods-Instagram-InstagramUITests/Pods-Instagram-InstagramUITests-frameworks-${CONFIGURATION}-output-files.xcfilelist",
			);
			runOnlyForDeploymentPostprocessing = 0;
			shellPath = /bin/sh;
			shellScript = "\"${PODS_ROOT}/Target Support Files/Pods-Instagram-InstagramUITests/Pods-Instagram-InstagramUITests-frameworks.sh\"\n";
			showEnvVarsInLog = 0;
		};
/* End PBXShellScriptBuildPhase section */

/* Begin PBXSourcesBuildPhase section */
		C25BAC4D2607C8F300540CC7 /* Sources */ = {
			isa = PBXSourcesBuildPhase;
			buildActionMask = 2147483647;
			files = (
				C2A891DF2607CE240001EDDC /* LoginViewController.swift in Sources */,
				C2A891E92607E2B50001EDDC /* CameraViewController.swift in Sources */,
				C25BAC552607C8F300540CC7 /* AppDelegate.swift in Sources */,
				C2A891E42607CE320001EDDC /* FeedViewController.swift in Sources */,
				C25BAC572607C8F300540CC7 /* SceneDelegate.swift in Sources */,
				C2A891F926083AFE0001EDDC /* PostCell.swift in Sources */,
				C2CB5990260FEDE9004DD260 /* CommentCell.swift in Sources */,
			);
			runOnlyForDeploymentPostprocessing = 0;
		};
		C25BAC632607C8F400540CC7 /* Sources */ = {
			isa = PBXSourcesBuildPhase;
			buildActionMask = 2147483647;
			files = (
				C25BAC6C2607C8F400540CC7 /* InstagramTests.swift in Sources */,
			);
			runOnlyForDeploymentPostprocessing = 0;
		};
		C25BAC6E2607C8F400540CC7 /* Sources */ = {
			isa = PBXSourcesBuildPhase;
			buildActionMask = 2147483647;
			files = (
				C25BAC772607C8F400540CC7 /* InstagramUITests.swift in Sources */,
			);
			runOnlyForDeploymentPostprocessing = 0;
		};
/* End PBXSourcesBuildPhase section */

/* Begin PBXTargetDependency section */
		C25BAC692607C8F400540CC7 /* PBXTargetDependency */ = {
			isa = PBXTargetDependency;
			target = C25BAC502607C8F300540CC7 /* Instagram */;
			targetProxy = C25BAC682607C8F400540CC7 /* PBXContainerItemProxy */;
		};
		C25BAC742607C8F400540CC7 /* PBXTargetDependency */ = {
			isa = PBXTargetDependency;
			target = C25BAC502607C8F300540CC7 /* Instagram */;
			targetProxy = C25BAC732607C8F400540CC7 /* PBXContainerItemProxy */;
		};
/* End PBXTargetDependency section */

/* Begin PBXVariantGroup section */
		C25BAC5A2607C8F300540CC7 /* Main.storyboard */ = {
			isa = PBXVariantGroup;
			children = (
				C25BAC5B2607C8F300540CC7 /* Base */,
			);
			name = Main.storyboard;
			sourceTree = "<group>";
		};
		C25BAC5F2607C8F400540CC7 /* LaunchScreen.storyboard */ = {
			isa = PBXVariantGroup;
			children = (
				C25BAC602607C8F400540CC7 /* Base */,
			);
			name = LaunchScreen.storyboard;
			sourceTree = "<group>";
		};
/* End PBXVariantGroup section */

/* Begin XCBuildConfiguration section */
		C25BAC792607C8F400540CC7 /* Debug */ = {
			isa = XCBuildConfiguration;
			buildSettings = {
				ALWAYS_SEARCH_USER_PATHS = NO;
				CLANG_ANALYZER_NONNULL = YES;
				CLANG_ANALYZER_NUMBER_OBJECT_CONVERSION = YES_AGGRESSIVE;
				CLANG_CXX_LANGUAGE_STANDARD = "gnu++14";
				CLANG_CXX_LIBRARY = "libc++";
				CLANG_ENABLE_MODULES = YES;
				CLANG_ENABLE_OBJC_ARC = YES;
				CLANG_ENABLE_OBJC_WEAK = YES;
				CLANG_WARN_BLOCK_CAPTURE_AUTORELEASING = YES;
				CLANG_WARN_BOOL_CONVERSION = YES;
				CLANG_WARN_COMMA = YES;
				CLANG_WARN_CONSTANT_CONVERSION = YES;
				CLANG_WARN_DEPRECATED_OBJC_IMPLEMENTATIONS = YES;
				CLANG_WARN_DIRECT_OBJC_ISA_USAGE = YES_ERROR;
				CLANG_WARN_DOCUMENTATION_COMMENTS = YES;
				CLANG_WARN_EMPTY_BODY = YES;
				CLANG_WARN_ENUM_CONVERSION = YES;
				CLANG_WARN_INFINITE_RECURSION = YES;
				CLANG_WARN_INT_CONVERSION = YES;
				CLANG_WARN_NON_LITERAL_NULL_CONVERSION = YES;
				CLANG_WARN_OBJC_IMPLICIT_RETAIN_SELF = YES;
				CLANG_WARN_OBJC_LITERAL_CONVERSION = YES;
				CLANG_WARN_OBJC_ROOT_CLASS = YES_ERROR;
				CLANG_WARN_QUOTED_INCLUDE_IN_FRAMEWORK_HEADER = YES;
				CLANG_WARN_RANGE_LOOP_ANALYSIS = YES;
				CLANG_WARN_STRICT_PROTOTYPES = YES;
				CLANG_WARN_SUSPICIOUS_MOVE = YES;
				CLANG_WARN_UNGUARDED_AVAILABILITY = YES_AGGRESSIVE;
				CLANG_WARN_UNREACHABLE_CODE = YES;
				CLANG_WARN__DUPLICATE_METHOD_MATCH = YES;
				COPY_PHASE_STRIP = NO;
				DEBUG_INFORMATION_FORMAT = dwarf;
				ENABLE_STRICT_OBJC_MSGSEND = YES;
				ENABLE_TESTABILITY = YES;
				GCC_C_LANGUAGE_STANDARD = gnu11;
				GCC_DYNAMIC_NO_PIC = NO;
				GCC_NO_COMMON_BLOCKS = YES;
				GCC_OPTIMIZATION_LEVEL = 0;
				GCC_PREPROCESSOR_DEFINITIONS = (
					"DEBUG=1",
					"$(inherited)",
				);
				GCC_WARN_64_TO_32_BIT_CONVERSION = YES;
				GCC_WARN_ABOUT_RETURN_TYPE = YES_ERROR;
				GCC_WARN_UNDECLARED_SELECTOR = YES;
				GCC_WARN_UNINITIALIZED_AUTOS = YES_AGGRESSIVE;
				GCC_WARN_UNUSED_FUNCTION = YES;
				GCC_WARN_UNUSED_VARIABLE = YES;
				IPHONEOS_DEPLOYMENT_TARGET = 14.4;
				MTL_ENABLE_DEBUG_INFO = INCLUDE_SOURCE;
				MTL_FAST_MATH = YES;
				ONLY_ACTIVE_ARCH = YES;
				SDKROOT = iphoneos;
				SWIFT_ACTIVE_COMPILATION_CONDITIONS = DEBUG;
				SWIFT_OPTIMIZATION_LEVEL = "-Onone";
			};
			name = Debug;
		};
		C25BAC7A2607C8F400540CC7 /* Release */ = {
			isa = XCBuildConfiguration;
			buildSettings = {
				ALWAYS_SEARCH_USER_PATHS = NO;
				CLANG_ANALYZER_NONNULL = YES;
				CLANG_ANALYZER_NUMBER_OBJECT_CONVERSION = YES_AGGRESSIVE;
				CLANG_CXX_LANGUAGE_STANDARD = "gnu++14";
				CLANG_CXX_LIBRARY = "libc++";
				CLANG_ENABLE_MODULES = YES;
				CLANG_ENABLE_OBJC_ARC = YES;
				CLANG_ENABLE_OBJC_WEAK = YES;
				CLANG_WARN_BLOCK_CAPTURE_AUTORELEASING = YES;
				CLANG_WARN_BOOL_CONVERSION = YES;
				CLANG_WARN_COMMA = YES;
				CLANG_WARN_CONSTANT_CONVERSION = YES;
				CLANG_WARN_DEPRECATED_OBJC_IMPLEMENTATIONS = YES;
				CLANG_WARN_DIRECT_OBJC_ISA_USAGE = YES_ERROR;
				CLANG_WARN_DOCUMENTATION_COMMENTS = YES;
				CLANG_WARN_EMPTY_BODY = YES;
				CLANG_WARN_ENUM_CONVERSION = YES;
				CLANG_WARN_INFINITE_RECURSION = YES;
				CLANG_WARN_INT_CONVERSION = YES;
				CLANG_WARN_NON_LITERAL_NULL_CONVERSION = YES;
				CLANG_WARN_OBJC_IMPLICIT_RETAIN_SELF = YES;
				CLANG_WARN_OBJC_LITERAL_CONVERSION = YES;
				CLANG_WARN_OBJC_ROOT_CLASS = YES_ERROR;
				CLANG_WARN_QUOTED_INCLUDE_IN_FRAMEWORK_HEADER = YES;
				CLANG_WARN_RANGE_LOOP_ANALYSIS = YES;
				CLANG_WARN_STRICT_PROTOTYPES = YES;
				CLANG_WARN_SUSPICIOUS_MOVE = YES;
				CLANG_WARN_UNGUARDED_AVAILABILITY = YES_AGGRESSIVE;
				CLANG_WARN_UNREACHABLE_CODE = YES;
				CLANG_WARN__DUPLICATE_METHOD_MATCH = YES;
				COPY_PHASE_STRIP = NO;
				DEBUG_INFORMATION_FORMAT = "dwarf-with-dsym";
				ENABLE_NS_ASSERTIONS = NO;
				ENABLE_STRICT_OBJC_MSGSEND = YES;
				GCC_C_LANGUAGE_STANDARD = gnu11;
				GCC_NO_COMMON_BLOCKS = YES;
				GCC_WARN_64_TO_32_BIT_CONVERSION = YES;
				GCC_WARN_ABOUT_RETURN_TYPE = YES_ERROR;
				GCC_WARN_UNDECLARED_SELECTOR = YES;
				GCC_WARN_UNINITIALIZED_AUTOS = YES_AGGRESSIVE;
				GCC_WARN_UNUSED_FUNCTION = YES;
				GCC_WARN_UNUSED_VARIABLE = YES;
				IPHONEOS_DEPLOYMENT_TARGET = 14.4;
				MTL_ENABLE_DEBUG_INFO = NO;
				MTL_FAST_MATH = YES;
				SDKROOT = iphoneos;
				SWIFT_COMPILATION_MODE = wholemodule;
				SWIFT_OPTIMIZATION_LEVEL = "-O";
				VALIDATE_PRODUCT = YES;
			};
			name = Release;
		};
		C25BAC7C2607C8F400540CC7 /* Debug */ = {
			isa = XCBuildConfiguration;
			baseConfigurationReference = D88CB3F30FF93D3283B02FEB /* Pods-Instagram.debug.xcconfig */;
			buildSettings = {
				ASSETCATALOG_COMPILER_APPICON_NAME = AppIcon;
				ASSETCATALOG_COMPILER_GLOBAL_ACCENT_COLOR_NAME = AccentColor;
				CODE_SIGN_STYLE = Automatic;
				INFOPLIST_FILE = Instagram/Info.plist;
				LD_RUNPATH_SEARCH_PATHS = (
					"$(inherited)",
					"@executable_path/Frameworks",
				);
				PRODUCT_BUNDLE_IDENTIFIER = kyle.kylegeorge.Instagram;
				PRODUCT_NAME = "$(TARGET_NAME)";
				SWIFT_VERSION = 5.0;
				TARGETED_DEVICE_FAMILY = "1,2";
			};
			name = Debug;
		};
		C25BAC7D2607C8F400540CC7 /* Release */ = {
			isa = XCBuildConfiguration;
			baseConfigurationReference = AFB9C51272503209B8801560 /* Pods-Instagram.release.xcconfig */;
			buildSettings = {
				ASSETCATALOG_COMPILER_APPICON_NAME = AppIcon;
				ASSETCATALOG_COMPILER_GLOBAL_ACCENT_COLOR_NAME = AccentColor;
				CODE_SIGN_STYLE = Automatic;
				INFOPLIST_FILE = Instagram/Info.plist;
				LD_RUNPATH_SEARCH_PATHS = (
					"$(inherited)",
					"@executable_path/Frameworks",
				);
				PRODUCT_BUNDLE_IDENTIFIER = kyle.kylegeorge.Instagram;
				PRODUCT_NAME = "$(TARGET_NAME)";
				SWIFT_VERSION = 5.0;
				TARGETED_DEVICE_FAMILY = "1,2";
			};
			name = Release;
		};
		C25BAC7F2607C8F400540CC7 /* Debug */ = {
			isa = XCBuildConfiguration;
			baseConfigurationReference = A87FC6254A65621A5CA11A72 /* Pods-InstagramTests.debug.xcconfig */;
			buildSettings = {
				ALWAYS_EMBED_SWIFT_STANDARD_LIBRARIES = YES;
				BUNDLE_LOADER = "$(TEST_HOST)";
				CODE_SIGN_STYLE = Automatic;
				INFOPLIST_FILE = InstagramTests/Info.plist;
				IPHONEOS_DEPLOYMENT_TARGET = 14.4;
				LD_RUNPATH_SEARCH_PATHS = (
					"$(inherited)",
					"@executable_path/Frameworks",
					"@loader_path/Frameworks",
				);
				PRODUCT_BUNDLE_IDENTIFIER = kyle.kylegeorge.InstagramTests;
				PRODUCT_NAME = "$(TARGET_NAME)";
				SWIFT_VERSION = 5.0;
				TARGETED_DEVICE_FAMILY = "1,2";
				TEST_HOST = "$(BUILT_PRODUCTS_DIR)/Instagram.app/Instagram";
			};
			name = Debug;
		};
		C25BAC802607C8F400540CC7 /* Release */ = {
			isa = XCBuildConfiguration;
			baseConfigurationReference = E7ED3C9269AE95C159D2FAA9 /* Pods-InstagramTests.release.xcconfig */;
			buildSettings = {
				ALWAYS_EMBED_SWIFT_STANDARD_LIBRARIES = YES;
				BUNDLE_LOADER = "$(TEST_HOST)";
				CODE_SIGN_STYLE = Automatic;
				INFOPLIST_FILE = InstagramTests/Info.plist;
				IPHONEOS_DEPLOYMENT_TARGET = 14.4;
				LD_RUNPATH_SEARCH_PATHS = (
					"$(inherited)",
					"@executable_path/Frameworks",
					"@loader_path/Frameworks",
				);
				PRODUCT_BUNDLE_IDENTIFIER = kyle.kylegeorge.InstagramTests;
				PRODUCT_NAME = "$(TARGET_NAME)";
				SWIFT_VERSION = 5.0;
				TARGETED_DEVICE_FAMILY = "1,2";
				TEST_HOST = "$(BUILT_PRODUCTS_DIR)/Instagram.app/Instagram";
			};
			name = Release;
		};
		C25BAC822607C8F400540CC7 /* Debug */ = {
			isa = XCBuildConfiguration;
			baseConfigurationReference = E815D47AE57CD3589F554F4C /* Pods-Instagram-InstagramUITests.debug.xcconfig */;
			buildSettings = {
				ALWAYS_EMBED_SWIFT_STANDARD_LIBRARIES = YES;
				CODE_SIGN_STYLE = Automatic;
				INFOPLIST_FILE = InstagramUITests/Info.plist;
				LD_RUNPATH_SEARCH_PATHS = (
					"$(inherited)",
					"@executable_path/Frameworks",
					"@loader_path/Frameworks",
				);
				PRODUCT_BUNDLE_IDENTIFIER = kyle.kylegeorge.InstagramUITests;
				PRODUCT_NAME = "$(TARGET_NAME)";
				SWIFT_VERSION = 5.0;
				TARGETED_DEVICE_FAMILY = "1,2";
				TEST_TARGET_NAME = Instagram;
			};
			name = Debug;
		};
		C25BAC832607C8F400540CC7 /* Release */ = {
			isa = XCBuildConfiguration;
			baseConfigurationReference = C02F0B855644D5EAB41953FA /* Pods-Instagram-InstagramUITests.release.xcconfig */;
			buildSettings = {
				ALWAYS_EMBED_SWIFT_STANDARD_LIBRARIES = YES;
				CODE_SIGN_STYLE = Automatic;
				INFOPLIST_FILE = InstagramUITests/Info.plist;
				LD_RUNPATH_SEARCH_PATHS = (
					"$(inherited)",
					"@executable_path/Frameworks",
					"@loader_path/Frameworks",
				);
				PRODUCT_BUNDLE_IDENTIFIER = kyle.kylegeorge.InstagramUITests;
				PRODUCT_NAME = "$(TARGET_NAME)";
				SWIFT_VERSION = 5.0;
				TARGETED_DEVICE_FAMILY = "1,2";
				TEST_TARGET_NAME = Instagram;
			};
			name = Release;
		};
/* End XCBuildConfiguration section */

/* Begin XCConfigurationList section */
		C25BAC4C2607C8F300540CC7 /* Build configuration list for PBXProject "Instagram" */ = {
			isa = XCConfigurationList;
			buildConfigurations = (
				C25BAC792607C8F400540CC7 /* Debug */,
				C25BAC7A2607C8F400540CC7 /* Release */,
			);
			defaultConfigurationIsVisible = 0;
			defaultConfigurationName = Release;
		};
		C25BAC7B2607C8F400540CC7 /* Build configuration list for PBXNativeTarget "Instagram" */ = {
			isa = XCConfigurationList;
			buildConfigurations = (
				C25BAC7C2607C8F400540CC7 /* Debug */,
				C25BAC7D2607C8F400540CC7 /* Release */,
			);
			defaultConfigurationIsVisible = 0;
			defaultConfigurationName = Release;
		};
		C25BAC7E2607C8F400540CC7 /* Build configuration list for PBXNativeTarget "InstagramTests" */ = {
			isa = XCConfigurationList;
			buildConfigurations = (
				C25BAC7F2607C8F400540CC7 /* Debug */,
				C25BAC802607C8F400540CC7 /* Release */,
			);
			defaultConfigurationIsVisible = 0;
			defaultConfigurationName = Release;
		};
		C25BAC812607C8F400540CC7 /* Build configuration list for PBXNativeTarget "InstagramUITests" */ = {
			isa = XCConfigurationList;
			buildConfigurations = (
				C25BAC822607C8F400540CC7 /* Debug */,
				C25BAC832607C8F400540CC7 /* Release */,
			);
			defaultConfigurationIsVisible = 0;
			defaultConfigurationName = Release;
		};
/* End XCConfigurationList section */
	};
	rootObject = C25BAC492607C8F300540CC7 /* Project object */;
}
